// !$*UTF8*$!
{
	archiveVersion = 1;
	classes = {
	};
	objectVersion = 46;
	objects = {

/* Begin PBXBuildFile section */
		6CD388CB18F54BA200A9C087 /* Foundation.framework in Frameworks */ = {isa = PBXBuildFile; fileRef = 6CD388CA18F54BA200A9C087 /* Foundation.framework */; };
		6CD388CD18F54BA200A9C087 /* CoreGraphics.framework in Frameworks */ = {isa = PBXBuildFile; fileRef = 6CD388CC18F54BA200A9C087 /* CoreGraphics.framework */; };
		6CD388CF18F54BA200A9C087 /* UIKit.framework in Frameworks */ = {isa = PBXBuildFile; fileRef = 6CD388CE18F54BA200A9C087 /* UIKit.framework */; };
		6CD388D518F54BA200A9C087 /* InfoPlist.strings in Resources */ = {isa = PBXBuildFile; fileRef = 6CD388D318F54BA200A9C087 /* InfoPlist.strings */; };
		6CD388D718F54BA200A9C087 /* main.m in Sources */ = {isa = PBXBuildFile; fileRef = 6CD388D618F54BA200A9C087 /* main.m */; };
		6CD388DB18F54BA200A9C087 /* AppDelegate.m in Sources */ = {isa = PBXBuildFile; fileRef = 6CD388DA18F54BA200A9C087 /* AppDelegate.m */; };
		6CD388DE18F54BA200A9C087 /* Main.storyboard in Resources */ = {isa = PBXBuildFile; fileRef = 6CD388DC18F54BA200A9C087 /* Main.storyboard */; };
		6CD388E118F54BA200A9C087 /* ViewController.m in Sources */ = {isa = PBXBuildFile; fileRef = 6CD388E018F54BA200A9C087 /* ViewController.m */; };
		6CD388E318F54BA200A9C087 /* Images.xcassets in Resources */ = {isa = PBXBuildFile; fileRef = 6CD388E218F54BA200A9C087 /* Images.xcassets */; };
		6CD388EA18F54BA200A9C087 /* XCTest.framework in Frameworks */ = {isa = PBXBuildFile; fileRef = 6CD388E918F54BA200A9C087 /* XCTest.framework */; };
		6CD388EB18F54BA300A9C087 /* Foundation.framework in Frameworks */ = {isa = PBXBuildFile; fileRef = 6CD388CA18F54BA200A9C087 /* Foundation.framework */; };
		6CD388EC18F54BA300A9C087 /* UIKit.framework in Frameworks */ = {isa = PBXBuildFile; fileRef = 6CD388CE18F54BA200A9C087 /* UIKit.framework */; };
		6CD388F418F54BA300A9C087 /* InfoPlist.strings in Resources */ = {isa = PBXBuildFile; fileRef = 6CD388F218F54BA300A9C087 /* InfoPlist.strings */; };
		6CD388F618F54BA300A9C087 /* SocializerTests.m in Sources */ = {isa = PBXBuildFile; fileRef = 6CD388F518F54BA300A9C087 /* SocializerTests.m */; };
		6CD3895A18F54C6200A9C087 /* FacebookSDK.framework in Frameworks */ = {isa = PBXBuildFile; fileRef = 6CD3890018F54C6200A9C087 /* FacebookSDK.framework */; };
		6CD3895C18F54C6200A9C087 /* GooglePlus.framework in Frameworks */ = {isa = PBXBuildFile; fileRef = 6CD3890218F54C6200A9C087 /* GooglePlus.framework */; };
		6CD3895D18F54C6200A9C087 /* VKApiObject.m in Sources */ = {isa = PBXBuildFile; fileRef = 6CD3890618F54C6200A9C087 /* VKApiObject.m */; };
		6CD3895E18F54C6200A9C087 /* VKApiObjectArray.m in Sources */ = {isa = PBXBuildFile; fileRef = 6CD3890818F54C6200A9C087 /* VKApiObjectArray.m */; };
		6CD3895F18F54C6200A9C087 /* VKAudio.m in Sources */ = {isa = PBXBuildFile; fileRef = 6CD3890A18F54C6200A9C087 /* VKAudio.m */; };
		6CD3896018F54C6200A9C087 /* VKCounters.m in Sources */ = {isa = PBXBuildFile; fileRef = 6CD3890C18F54C6200A9C087 /* VKCounters.m */; };
		6CD3896118F54C6200A9C087 /* VKLikes.m in Sources */ = {isa = PBXBuildFile; fileRef = 6CD3890E18F54C6200A9C087 /* VKLikes.m */; };
		6CD3896218F54C6200A9C087 /* VKPhoto.m in Sources */ = {isa = PBXBuildFile; fileRef = 6CD3891018F54C6200A9C087 /* VKPhoto.m */; };
		6CD3896318F54C6200A9C087 /* VKRelative.m in Sources */ = {isa = PBXBuildFile; fileRef = 6CD3891218F54C6200A9C087 /* VKRelative.m */; };
		6CD3896418F54C6200A9C087 /* VKSchool.m in Sources */ = {isa = PBXBuildFile; fileRef = 6CD3891418F54C6200A9C087 /* VKSchool.m */; };
		6CD3896518F54C6200A9C087 /* VKUniversity.m in Sources */ = {isa = PBXBuildFile; fileRef = 6CD3891618F54C6200A9C087 /* VKUniversity.m */; };
		6CD3896618F54C6200A9C087 /* VKUser.m in Sources */ = {isa = PBXBuildFile; fileRef = 6CD3891818F54C6200A9C087 /* VKUser.m */; };
		6CD3896718F54C6200A9C087 /* NSData+MD5.m in Sources */ = {isa = PBXBuildFile; fileRef = 6CD3891A18F54C6200A9C087 /* NSData+MD5.m */; };
		6CD3896818F54C6200A9C087 /* NSError+VKError.m in Sources */ = {isa = PBXBuildFile; fileRef = 6CD3891C18F54C6200A9C087 /* NSError+VKError.m */; };
		6CD3896918F54C6200A9C087 /* NSString+MD5.m in Sources */ = {isa = PBXBuildFile; fileRef = 6CD3891E18F54C6200A9C087 /* NSString+MD5.m */; };
		6CD3896A18F54C6200A9C087 /* OrderedDictionary.m in Sources */ = {isa = PBXBuildFile; fileRef = 6CD3892018F54C6200A9C087 /* OrderedDictionary.m */; };
		6CD3896B18F54C6200A9C087 /* VKAccessToken.m in Sources */ = {isa = PBXBuildFile; fileRef = 6CD3892218F54C6200A9C087 /* VKAccessToken.m */; };
		6CD3896C18F54C6200A9C087 /* VKApi.m in Sources */ = {isa = PBXBuildFile; fileRef = 6CD3892418F54C6200A9C087 /* VKApi.m */; };
		6CD3896D18F54C6200A9C087 /* VKApiBase.m in Sources */ = {isa = PBXBuildFile; fileRef = 6CD3892618F54C6200A9C087 /* VKApiBase.m */; };
		6CD3896E18F54C6200A9C087 /* VKApiCaptcha.m in Sources */ = {isa = PBXBuildFile; fileRef = 6CD3892818F54C6200A9C087 /* VKApiCaptcha.m */; };
		6CD3896F18F54C6200A9C087 /* VKApiFriends.m in Sources */ = {isa = PBXBuildFile; fileRef = 6CD3892B18F54C6200A9C087 /* VKApiFriends.m */; };
		6CD3897018F54C6200A9C087 /* VKApiPhotos.m in Sources */ = {isa = PBXBuildFile; fileRef = 6CD3892E18F54C6200A9C087 /* VKApiPhotos.m */; };
		6CD3897118F54C6200A9C087 /* VKApiUsers.m in Sources */ = {isa = PBXBuildFile; fileRef = 6CD3893018F54C6200A9C087 /* VKApiUsers.m */; };
		6CD3897218F54C6200A9C087 /* VKApiWall.m in Sources */ = {isa = PBXBuildFile; fileRef = 6CD3893218F54C6200A9C087 /* VKApiWall.m */; };
		6CD3897318F54C6200A9C087 /* VKAuthorizeController.m in Sources */ = {isa = PBXBuildFile; fileRef = 6CD3893418F54C6200A9C087 /* VKAuthorizeController.m */; };
		6CD3897418F54C6200A9C087 /* VKBatchRequest.m in Sources */ = {isa = PBXBuildFile; fileRef = 6CD3893618F54C6200A9C087 /* VKBatchRequest.m */; };
		6CD3897518F54C6200A9C087 /* VKBundle.m in Sources */ = {isa = PBXBuildFile; fileRef = 6CD3893818F54C6200A9C087 /* VKBundle.m */; };
		6CD3897618F54C6200A9C087 /* VKCaptchaView.m in Sources */ = {isa = PBXBuildFile; fileRef = 6CD3893A18F54C6200A9C087 /* VKCaptchaView.m */; };
		6CD3897718F54C6200A9C087 /* VKCaptchaViewController.m in Sources */ = {isa = PBXBuildFile; fileRef = 6CD3893C18F54C6200A9C087 /* VKCaptchaViewController.m */; };
		6CD3897818F54C6200A9C087 /* VKError.m in Sources */ = {isa = PBXBuildFile; fileRef = 6CD3893E18F54C6200A9C087 /* VKError.m */; };
		6CD3897918F54C6200A9C087 /* VKHTTPClient.m in Sources */ = {isa = PBXBuildFile; fileRef = 6CD3894018F54C6200A9C087 /* VKHTTPClient.m */; };
		6CD3897A18F54C6200A9C087 /* VKHTTPOperation.m in Sources */ = {isa = PBXBuildFile; fileRef = 6CD3894218F54C6200A9C087 /* VKHTTPOperation.m */; };
		6CD3897B18F54C6200A9C087 /* VKImageParameters.m in Sources */ = {isa = PBXBuildFile; fileRef = 6CD3894418F54C6200A9C087 /* VKImageParameters.m */; };
		6CD3897C18F54C6200A9C087 /* VKObject.m in Sources */ = {isa = PBXBuildFile; fileRef = 6CD3894618F54C6200A9C087 /* VKObject.m */; };
		6CD3897D18F54C6200A9C087 /* VKOperation.m in Sources */ = {isa = PBXBuildFile; fileRef = 6CD3894818F54C6200A9C087 /* VKOperation.m */; };
		6CD3897E18F54C6200A9C087 /* VKPermissions.m in Sources */ = {isa = PBXBuildFile; fileRef = 6CD3894A18F54C6200A9C087 /* VKPermissions.m */; };
		6CD3897F18F54C6200A9C087 /* VKRequest.m in Sources */ = {isa = PBXBuildFile; fileRef = 6CD3894C18F54C6200A9C087 /* VKRequest.m */; };
		6CD3898018F54C6200A9C087 /* VKResponse.m in Sources */ = {isa = PBXBuildFile; fileRef = 6CD3894E18F54C6200A9C087 /* VKResponse.m */; };
		6CD3898118F54C6200A9C087 /* VKSdk.m in Sources */ = {isa = PBXBuildFile; fileRef = 6CD3895018F54C6200A9C087 /* VKSdk.m */; };
		6CD3898218F54C6200A9C087 /* VKUploadPhotoBase.m in Sources */ = {isa = PBXBuildFile; fileRef = 6CD3895318F54C6200A9C087 /* VKUploadPhotoBase.m */; };
		6CD3898318F54C6200A9C087 /* VKUploadPhotoRequest.m in Sources */ = {isa = PBXBuildFile; fileRef = 6CD3895518F54C6200A9C087 /* VKUploadPhotoRequest.m */; };
		6CD3898418F54C6200A9C087 /* VKUploadWallPhotoRequest.m in Sources */ = {isa = PBXBuildFile; fileRef = 6CD3895718F54C6200A9C087 /* VKUploadWallPhotoRequest.m */; };
		6CD3898518F54C6200A9C087 /* VKUtil.m in Sources */ = {isa = PBXBuildFile; fileRef = 6CD3895918F54C6200A9C087 /* VKUtil.m */; };
		6CD3898818F54C9700A9C087 /* Socializer.m in Sources */ = {isa = PBXBuildFile; fileRef = 6CD3898718F54C9700A9C087 /* Socializer.m */; };
		6CD3898C18F5549000A9C087 /* VKSdkResources.bundle in Resources */ = {isa = PBXBuildFile; fileRef = 6CD3898B18F5549000A9C087 /* VKSdkResources.bundle */; };
		6CD3898F18F5627600A9C087 /* GoogleOpenSource.framework in Frameworks */ = {isa = PBXBuildFile; fileRef = 6CD3890118F54C6200A9C087 /* GoogleOpenSource.framework */; };
		6CD3899118F5645B00A9C087 /* AddressBook.framework in Frameworks */ = {isa = PBXBuildFile; fileRef = 6CD3899018F5645B00A9C087 /* AddressBook.framework */; };
		6CD3899318F5646100A9C087 /* AssetsLibrary.framework in Frameworks */ = {isa = PBXBuildFile; fileRef = 6CD3899218F5646100A9C087 /* AssetsLibrary.framework */; };
		6CD3899518F5646A00A9C087 /* CoreLocation.framework in Frameworks */ = {isa = PBXBuildFile; fileRef = 6CD3899418F5646A00A9C087 /* CoreLocation.framework */; };
		6CD3899718F5647000A9C087 /* CoreMotion.framework in Frameworks */ = {isa = PBXBuildFile; fileRef = 6CD3899618F5647000A9C087 /* CoreMotion.framework */; };
		6CD3899918F5647D00A9C087 /* CoreText.framework in Frameworks */ = {isa = PBXBuildFile; fileRef = 6CD3899818F5647D00A9C087 /* CoreText.framework */; };
		6CD3899B18F5648400A9C087 /* MediaPlayer.framework in Frameworks */ = {isa = PBXBuildFile; fileRef = 6CD3899A18F5648400A9C087 /* MediaPlayer.framework */; };
		6CD3899D18F5648B00A9C087 /* Security.framework in Frameworks */ = {isa = PBXBuildFile; fileRef = 6CD3899C18F5648B00A9C087 /* Security.framework */; };
		6CD3899F18F5649200A9C087 /* SystemConfiguration.framework in Frameworks */ = {isa = PBXBuildFile; fileRef = 6CD3899E18F5649200A9C087 /* SystemConfiguration.framework */; };
/* End PBXBuildFile section */

/* Begin PBXContainerItemProxy section */
		6CD388ED18F54BA300A9C087 /* PBXContainerItemProxy */ = {
			isa = PBXContainerItemProxy;
			containerPortal = 6CD388BF18F54BA200A9C087 /* Project object */;
			proxyType = 1;
			remoteGlobalIDString = 6CD388C618F54BA200A9C087;
			remoteInfo = Socializer;
		};
/* End PBXContainerItemProxy section */

/* Begin PBXFileReference section */
		6CD388C718F54BA200A9C087 /* Socializer.app */ = {isa = PBXFileReference; explicitFileType = wrapper.application; includeInIndex = 0; path = Socializer.app; sourceTree = BUILT_PRODUCTS_DIR; };
		6CD388CA18F54BA200A9C087 /* Foundation.framework */ = {isa = PBXFileReference; lastKnownFileType = wrapper.framework; name = Foundation.framework; path = System/Library/Frameworks/Foundation.framework; sourceTree = SDKROOT; };
		6CD388CC18F54BA200A9C087 /* CoreGraphics.framework */ = {isa = PBXFileReference; lastKnownFileType = wrapper.framework; name = CoreGraphics.framework; path = System/Library/Frameworks/CoreGraphics.framework; sourceTree = SDKROOT; };
		6CD388CE18F54BA200A9C087 /* UIKit.framework */ = {isa = PBXFileReference; lastKnownFileType = wrapper.framework; name = UIKit.framework; path = System/Library/Frameworks/UIKit.framework; sourceTree = SDKROOT; };
		6CD388D218F54BA200A9C087 /* Socializer-Info.plist */ = {isa = PBXFileReference; lastKnownFileType = text.plist.xml; path = "Socializer-Info.plist"; sourceTree = "<group>"; };
		6CD388D418F54BA200A9C087 /* en */ = {isa = PBXFileReference; lastKnownFileType = text.plist.strings; name = en; path = en.lproj/InfoPlist.strings; sourceTree = "<group>"; };
		6CD388D618F54BA200A9C087 /* main.m */ = {isa = PBXFileReference; lastKnownFileType = sourcecode.c.objc; path = main.m; sourceTree = "<group>"; };
		6CD388D818F54BA200A9C087 /* Socializer-Prefix.pch */ = {isa = PBXFileReference; lastKnownFileType = sourcecode.c.h; path = "Socializer-Prefix.pch"; sourceTree = "<group>"; };
		6CD388D918F54BA200A9C087 /* AppDelegate.h */ = {isa = PBXFileReference; lastKnownFileType = sourcecode.c.h; path = AppDelegate.h; sourceTree = "<group>"; };
		6CD388DA18F54BA200A9C087 /* AppDelegate.m */ = {isa = PBXFileReference; lastKnownFileType = sourcecode.c.objc; path = AppDelegate.m; sourceTree = "<group>"; };
		6CD388DD18F54BA200A9C087 /* Base */ = {isa = PBXFileReference; lastKnownFileType = file.storyboard; name = Base; path = Base.lproj/Main.storyboard; sourceTree = "<group>"; };
		6CD388DF18F54BA200A9C087 /* ViewController.h */ = {isa = PBXFileReference; lastKnownFileType = sourcecode.c.h; path = ViewController.h; sourceTree = "<group>"; };
		6CD388E018F54BA200A9C087 /* ViewController.m */ = {isa = PBXFileReference; lastKnownFileType = sourcecode.c.objc; path = ViewController.m; sourceTree = "<group>"; };
		6CD388E218F54BA200A9C087 /* Images.xcassets */ = {isa = PBXFileReference; lastKnownFileType = folder.assetcatalog; path = Images.xcassets; sourceTree = "<group>"; };
		6CD388E818F54BA200A9C087 /* SocializerTests.xctest */ = {isa = PBXFileReference; explicitFileType = wrapper.cfbundle; includeInIndex = 0; path = SocializerTests.xctest; sourceTree = BUILT_PRODUCTS_DIR; };
		6CD388E918F54BA200A9C087 /* XCTest.framework */ = {isa = PBXFileReference; lastKnownFileType = wrapper.framework; name = XCTest.framework; path = Library/Frameworks/XCTest.framework; sourceTree = DEVELOPER_DIR; };
		6CD388F118F54BA300A9C087 /* SocializerTests-Info.plist */ = {isa = PBXFileReference; lastKnownFileType = text.plist.xml; path = "SocializerTests-Info.plist"; sourceTree = "<group>"; };
		6CD388F318F54BA300A9C087 /* en */ = {isa = PBXFileReference; lastKnownFileType = text.plist.strings; name = en; path = en.lproj/InfoPlist.strings; sourceTree = "<group>"; };
		6CD388F518F54BA300A9C087 /* SocializerTests.m */ = {isa = PBXFileReference; lastKnownFileType = sourcecode.c.objc; path = SocializerTests.m; sourceTree = "<group>"; };
		6CD3890018F54C6200A9C087 /* FacebookSDK.framework */ = {isa = PBXFileReference; lastKnownFileType = wrapper.framework; path = FacebookSDK.framework; sourceTree = "<group>"; };
		6CD3890118F54C6200A9C087 /* GoogleOpenSource.framework */ = {isa = PBXFileReference; lastKnownFileType = wrapper.framework; path = GoogleOpenSource.framework; sourceTree = "<group>"; };
		6CD3890218F54C6200A9C087 /* GooglePlus.framework */ = {isa = PBXFileReference; lastKnownFileType = wrapper.framework; path = GooglePlus.framework; sourceTree = "<group>"; };
		6CD3890518F54C6200A9C087 /* VKApiObject.h */ = {isa = PBXFileReference; fileEncoding = 4; lastKnownFileType = sourcecode.c.h; path = VKApiObject.h; sourceTree = "<group>"; };
		6CD3890618F54C6200A9C087 /* VKApiObject.m */ = {isa = PBXFileReference; fileEncoding = 4; lastKnownFileType = sourcecode.c.objc; path = VKApiObject.m; sourceTree = "<group>"; };
		6CD3890718F54C6200A9C087 /* VKApiObjectArray.h */ = {isa = PBXFileReference; fileEncoding = 4; lastKnownFileType = sourcecode.c.h; path = VKApiObjectArray.h; sourceTree = "<group>"; };
		6CD3890818F54C6200A9C087 /* VKApiObjectArray.m */ = {isa = PBXFileReference; fileEncoding = 4; lastKnownFileType = sourcecode.c.objc; path = VKApiObjectArray.m; sourceTree = "<group>"; };
		6CD3890918F54C6200A9C087 /* VKAudio.h */ = {isa = PBXFileReference; fileEncoding = 4; lastKnownFileType = sourcecode.c.h; path = VKAudio.h; sourceTree = "<group>"; };
		6CD3890A18F54C6200A9C087 /* VKAudio.m */ = {isa = PBXFileReference; fileEncoding = 4; lastKnownFileType = sourcecode.c.objc; path = VKAudio.m; sourceTree = "<group>"; };
		6CD3890B18F54C6200A9C087 /* VKCounters.h */ = {isa = PBXFileReference; fileEncoding = 4; lastKnownFileType = sourcecode.c.h; path = VKCounters.h; sourceTree = "<group>"; };
		6CD3890C18F54C6200A9C087 /* VKCounters.m */ = {isa = PBXFileReference; fileEncoding = 4; lastKnownFileType = sourcecode.c.objc; path = VKCounters.m; sourceTree = "<group>"; };
		6CD3890D18F54C6200A9C087 /* VKLikes.h */ = {isa = PBXFileReference; fileEncoding = 4; lastKnownFileType = sourcecode.c.h; path = VKLikes.h; sourceTree = "<group>"; };
		6CD3890E18F54C6200A9C087 /* VKLikes.m */ = {isa = PBXFileReference; fileEncoding = 4; lastKnownFileType = sourcecode.c.objc; path = VKLikes.m; sourceTree = "<group>"; };
		6CD3890F18F54C6200A9C087 /* VKPhoto.h */ = {isa = PBXFileReference; fileEncoding = 4; lastKnownFileType = sourcecode.c.h; path = VKPhoto.h; sourceTree = "<group>"; };
		6CD3891018F54C6200A9C087 /* VKPhoto.m */ = {isa = PBXFileReference; fileEncoding = 4; lastKnownFileType = sourcecode.c.objc; path = VKPhoto.m; sourceTree = "<group>"; };
		6CD3891118F54C6200A9C087 /* VKRelative.h */ = {isa = PBXFileReference; fileEncoding = 4; lastKnownFileType = sourcecode.c.h; path = VKRelative.h; sourceTree = "<group>"; };
		6CD3891218F54C6200A9C087 /* VKRelative.m */ = {isa = PBXFileReference; fileEncoding = 4; lastKnownFileType = sourcecode.c.objc; path = VKRelative.m; sourceTree = "<group>"; };
		6CD3891318F54C6200A9C087 /* VKSchool.h */ = {isa = PBXFileReference; fileEncoding = 4; lastKnownFileType = sourcecode.c.h; path = VKSchool.h; sourceTree = "<group>"; };
		6CD3891418F54C6200A9C087 /* VKSchool.m */ = {isa = PBXFileReference; fileEncoding = 4; lastKnownFileType = sourcecode.c.objc; path = VKSchool.m; sourceTree = "<group>"; };
		6CD3891518F54C6200A9C087 /* VKUniversity.h */ = {isa = PBXFileReference; fileEncoding = 4; lastKnownFileType = sourcecode.c.h; path = VKUniversity.h; sourceTree = "<group>"; };
		6CD3891618F54C6200A9C087 /* VKUniversity.m */ = {isa = PBXFileReference; fileEncoding = 4; lastKnownFileType = sourcecode.c.objc; path = VKUniversity.m; sourceTree = "<group>"; };
		6CD3891718F54C6200A9C087 /* VKUser.h */ = {isa = PBXFileReference; fileEncoding = 4; lastKnownFileType = sourcecode.c.h; path = VKUser.h; sourceTree = "<group>"; };
		6CD3891818F54C6200A9C087 /* VKUser.m */ = {isa = PBXFileReference; fileEncoding = 4; lastKnownFileType = sourcecode.c.objc; path = VKUser.m; sourceTree = "<group>"; };
		6CD3891918F54C6200A9C087 /* NSData+MD5.h */ = {isa = PBXFileReference; fileEncoding = 4; lastKnownFileType = sourcecode.c.h; path = "NSData+MD5.h"; sourceTree = "<group>"; };
		6CD3891A18F54C6200A9C087 /* NSData+MD5.m */ = {isa = PBXFileReference; fileEncoding = 4; lastKnownFileType = sourcecode.c.objc; path = "NSData+MD5.m"; sourceTree = "<group>"; };
		6CD3891B18F54C6200A9C087 /* NSError+VKError.h */ = {isa = PBXFileReference; fileEncoding = 4; lastKnownFileType = sourcecode.c.h; path = "NSError+VKError.h"; sourceTree = "<group>"; };
		6CD3891C18F54C6200A9C087 /* NSError+VKError.m */ = {isa = PBXFileReference; fileEncoding = 4; lastKnownFileType = sourcecode.c.objc; path = "NSError+VKError.m"; sourceTree = "<group>"; };
		6CD3891D18F54C6200A9C087 /* NSString+MD5.h */ = {isa = PBXFileReference; fileEncoding = 4; lastKnownFileType = sourcecode.c.h; path = "NSString+MD5.h"; sourceTree = "<group>"; };
		6CD3891E18F54C6200A9C087 /* NSString+MD5.m */ = {isa = PBXFileReference; fileEncoding = 4; lastKnownFileType = sourcecode.c.objc; path = "NSString+MD5.m"; sourceTree = "<group>"; };
		6CD3891F18F54C6200A9C087 /* OrderedDictionary.h */ = {isa = PBXFileReference; fileEncoding = 4; lastKnownFileType = sourcecode.c.h; path = OrderedDictionary.h; sourceTree = "<group>"; };
		6CD3892018F54C6200A9C087 /* OrderedDictionary.m */ = {isa = PBXFileReference; fileEncoding = 4; lastKnownFileType = sourcecode.c.objc; path = OrderedDictionary.m; sourceTree = "<group>"; };
		6CD3892118F54C6200A9C087 /* VKAccessToken.h */ = {isa = PBXFileReference; fileEncoding = 4; lastKnownFileType = sourcecode.c.h; path = VKAccessToken.h; sourceTree = "<group>"; };
		6CD3892218F54C6200A9C087 /* VKAccessToken.m */ = {isa = PBXFileReference; fileEncoding = 4; lastKnownFileType = sourcecode.c.objc; path = VKAccessToken.m; sourceTree = "<group>"; };
		6CD3892318F54C6200A9C087 /* VKApi.h */ = {isa = PBXFileReference; fileEncoding = 4; lastKnownFileType = sourcecode.c.h; path = VKApi.h; sourceTree = "<group>"; };
		6CD3892418F54C6200A9C087 /* VKApi.m */ = {isa = PBXFileReference; fileEncoding = 4; lastKnownFileType = sourcecode.c.objc; path = VKApi.m; sourceTree = "<group>"; };
		6CD3892518F54C6200A9C087 /* VKApiBase.h */ = {isa = PBXFileReference; fileEncoding = 4; lastKnownFileType = sourcecode.c.h; path = VKApiBase.h; sourceTree = "<group>"; };
		6CD3892618F54C6200A9C087 /* VKApiBase.m */ = {isa = PBXFileReference; fileEncoding = 4; lastKnownFileType = sourcecode.c.objc; path = VKApiBase.m; sourceTree = "<group>"; };
		6CD3892718F54C6200A9C087 /* VKApiCaptcha.h */ = {isa = PBXFileReference; fileEncoding = 4; lastKnownFileType = sourcecode.c.h; path = VKApiCaptcha.h; sourceTree = "<group>"; };
		6CD3892818F54C6200A9C087 /* VKApiCaptcha.m */ = {isa = PBXFileReference; fileEncoding = 4; lastKnownFileType = sourcecode.c.objc; path = VKApiCaptcha.m; sourceTree = "<group>"; };
		6CD3892918F54C6200A9C087 /* VKApiConst.h */ = {isa = PBXFileReference; fileEncoding = 4; lastKnownFileType = sourcecode.c.h; path = VKApiConst.h; sourceTree = "<group>"; };
		6CD3892A18F54C6200A9C087 /* VKApiFriends.h */ = {isa = PBXFileReference; fileEncoding = 4; lastKnownFileType = sourcecode.c.h; path = VKApiFriends.h; sourceTree = "<group>"; };
		6CD3892B18F54C6200A9C087 /* VKApiFriends.m */ = {isa = PBXFileReference; fileEncoding = 4; lastKnownFileType = sourcecode.c.objc; path = VKApiFriends.m; sourceTree = "<group>"; };
		6CD3892C18F54C6200A9C087 /* VKApiModels.h */ = {isa = PBXFileReference; fileEncoding = 4; lastKnownFileType = sourcecode.c.h; path = VKApiModels.h; sourceTree = "<group>"; };
		6CD3892D18F54C6200A9C087 /* VKApiPhotos.h */ = {isa = PBXFileReference; fileEncoding = 4; lastKnownFileType = sourcecode.c.h; path = VKApiPhotos.h; sourceTree = "<group>"; };
		6CD3892E18F54C6200A9C087 /* VKApiPhotos.m */ = {isa = PBXFileReference; fileEncoding = 4; lastKnownFileType = sourcecode.c.objc; path = VKApiPhotos.m; sourceTree = "<group>"; };
		6CD3892F18F54C6200A9C087 /* VKApiUsers.h */ = {isa = PBXFileReference; fileEncoding = 4; lastKnownFileType = sourcecode.c.h; path = VKApiUsers.h; sourceTree = "<group>"; };
		6CD3893018F54C6200A9C087 /* VKApiUsers.m */ = {isa = PBXFileReference; fileEncoding = 4; lastKnownFileType = sourcecode.c.objc; path = VKApiUsers.m; sourceTree = "<group>"; };
		6CD3893118F54C6200A9C087 /* VKApiWall.h */ = {isa = PBXFileReference; fileEncoding = 4; lastKnownFileType = sourcecode.c.h; path = VKApiWall.h; sourceTree = "<group>"; };
		6CD3893218F54C6200A9C087 /* VKApiWall.m */ = {isa = PBXFileReference; fileEncoding = 4; lastKnownFileType = sourcecode.c.objc; path = VKApiWall.m; sourceTree = "<group>"; };
		6CD3893318F54C6200A9C087 /* VKAuthorizeController.h */ = {isa = PBXFileReference; fileEncoding = 4; lastKnownFileType = sourcecode.c.h; path = VKAuthorizeController.h; sourceTree = "<group>"; };
		6CD3893418F54C6200A9C087 /* VKAuthorizeController.m */ = {isa = PBXFileReference; fileEncoding = 4; lastKnownFileType = sourcecode.c.objc; path = VKAuthorizeController.m; sourceTree = "<group>"; };
		6CD3893518F54C6200A9C087 /* VKBatchRequest.h */ = {isa = PBXFileReference; fileEncoding = 4; lastKnownFileType = sourcecode.c.h; path = VKBatchRequest.h; sourceTree = "<group>"; };
		6CD3893618F54C6200A9C087 /* VKBatchRequest.m */ = {isa = PBXFileReference; fileEncoding = 4; lastKnownFileType = sourcecode.c.objc; path = VKBatchRequest.m; sourceTree = "<group>"; };
		6CD3893718F54C6200A9C087 /* VKBundle.h */ = {isa = PBXFileReference; fileEncoding = 4; lastKnownFileType = sourcecode.c.h; path = VKBundle.h; sourceTree = "<group>"; };
		6CD3893818F54C6200A9C087 /* VKBundle.m */ = {isa = PBXFileReference; fileEncoding = 4; lastKnownFileType = sourcecode.c.objc; path = VKBundle.m; sourceTree = "<group>"; };
		6CD3893918F54C6200A9C087 /* VKCaptchaView.h */ = {isa = PBXFileReference; fileEncoding = 4; lastKnownFileType = sourcecode.c.h; path = VKCaptchaView.h; sourceTree = "<group>"; };
		6CD3893A18F54C6200A9C087 /* VKCaptchaView.m */ = {isa = PBXFileReference; fileEncoding = 4; lastKnownFileType = sourcecode.c.objc; path = VKCaptchaView.m; sourceTree = "<group>"; };
		6CD3893B18F54C6200A9C087 /* VKCaptchaViewController.h */ = {isa = PBXFileReference; fileEncoding = 4; lastKnownFileType = sourcecode.c.h; path = VKCaptchaViewController.h; sourceTree = "<group>"; };
		6CD3893C18F54C6200A9C087 /* VKCaptchaViewController.m */ = {isa = PBXFileReference; fileEncoding = 4; lastKnownFileType = sourcecode.c.objc; path = VKCaptchaViewController.m; sourceTree = "<group>"; };
		6CD3893D18F54C6200A9C087 /* VKError.h */ = {isa = PBXFileReference; fileEncoding = 4; lastKnownFileType = sourcecode.c.h; path = VKError.h; sourceTree = "<group>"; };
		6CD3893E18F54C6200A9C087 /* VKError.m */ = {isa = PBXFileReference; fileEncoding = 4; lastKnownFileType = sourcecode.c.objc; path = VKError.m; sourceTree = "<group>"; };
		6CD3893F18F54C6200A9C087 /* VKHTTPClient.h */ = {isa = PBXFileReference; fileEncoding = 4; lastKnownFileType = sourcecode.c.h; path = VKHTTPClient.h; sourceTree = "<group>"; };
		6CD3894018F54C6200A9C087 /* VKHTTPClient.m */ = {isa = PBXFileReference; fileEncoding = 4; lastKnownFileType = sourcecode.c.objc; path = VKHTTPClient.m; sourceTree = "<group>"; };
		6CD3894118F54C6200A9C087 /* VKHTTPOperation.h */ = {isa = PBXFileReference; fileEncoding = 4; lastKnownFileType = sourcecode.c.h; path = VKHTTPOperation.h; sourceTree = "<group>"; };
		6CD3894218F54C6200A9C087 /* VKHTTPOperation.m */ = {isa = PBXFileReference; fileEncoding = 4; lastKnownFileType = sourcecode.c.objc; path = VKHTTPOperation.m; sourceTree = "<group>"; };
		6CD3894318F54C6200A9C087 /* VKImageParameters.h */ = {isa = PBXFileReference; fileEncoding = 4; lastKnownFileType = sourcecode.c.h; path = VKImageParameters.h; sourceTree = "<group>"; };
		6CD3894418F54C6200A9C087 /* VKImageParameters.m */ = {isa = PBXFileReference; fileEncoding = 4; lastKnownFileType = sourcecode.c.objc; path = VKImageParameters.m; sourceTree = "<group>"; };
		6CD3894518F54C6200A9C087 /* VKObject.h */ = {isa = PBXFileReference; fileEncoding = 4; lastKnownFileType = sourcecode.c.h; path = VKObject.h; sourceTree = "<group>"; };
		6CD3894618F54C6200A9C087 /* VKObject.m */ = {isa = PBXFileReference; fileEncoding = 4; lastKnownFileType = sourcecode.c.objc; path = VKObject.m; sourceTree = "<group>"; };
		6CD3894718F54C6200A9C087 /* VKOperation.h */ = {isa = PBXFileReference; fileEncoding = 4; lastKnownFileType = sourcecode.c.h; path = VKOperation.h; sourceTree = "<group>"; };
		6CD3894818F54C6200A9C087 /* VKOperation.m */ = {isa = PBXFileReference; fileEncoding = 4; lastKnownFileType = sourcecode.c.objc; path = VKOperation.m; sourceTree = "<group>"; };
		6CD3894918F54C6200A9C087 /* VKPermissions.h */ = {isa = PBXFileReference; fileEncoding = 4; lastKnownFileType = sourcecode.c.h; path = VKPermissions.h; sourceTree = "<group>"; };
		6CD3894A18F54C6200A9C087 /* VKPermissions.m */ = {isa = PBXFileReference; fileEncoding = 4; lastKnownFileType = sourcecode.c.objc; path = VKPermissions.m; sourceTree = "<group>"; };
		6CD3894B18F54C6200A9C087 /* VKRequest.h */ = {isa = PBXFileReference; fileEncoding = 4; lastKnownFileType = sourcecode.c.h; path = VKRequest.h; sourceTree = "<group>"; };
		6CD3894C18F54C6200A9C087 /* VKRequest.m */ = {isa = PBXFileReference; fileEncoding = 4; lastKnownFileType = sourcecode.c.objc; path = VKRequest.m; sourceTree = "<group>"; };
		6CD3894D18F54C6200A9C087 /* VKResponse.h */ = {isa = PBXFileReference; fileEncoding = 4; lastKnownFileType = sourcecode.c.h; path = VKResponse.h; sourceTree = "<group>"; };
		6CD3894E18F54C6200A9C087 /* VKResponse.m */ = {isa = PBXFileReference; fileEncoding = 4; lastKnownFileType = sourcecode.c.objc; path = VKResponse.m; sourceTree = "<group>"; };
		6CD3894F18F54C6200A9C087 /* VKSdk.h */ = {isa = PBXFileReference; fileEncoding = 4; lastKnownFileType = sourcecode.c.h; path = VKSdk.h; sourceTree = "<group>"; };
		6CD3895018F54C6200A9C087 /* VKSdk.m */ = {isa = PBXFileReference; fileEncoding = 4; lastKnownFileType = sourcecode.c.objc; path = VKSdk.m; sourceTree = "<group>"; };
		6CD3895118F54C6200A9C087 /* VKSdkVersion.h */ = {isa = PBXFileReference; fileEncoding = 4; lastKnownFileType = sourcecode.c.h; path = VKSdkVersion.h; sourceTree = "<group>"; };
		6CD3895218F54C6200A9C087 /* VKUploadPhotoBase.h */ = {isa = PBXFileReference; fileEncoding = 4; lastKnownFileType = sourcecode.c.h; path = VKUploadPhotoBase.h; sourceTree = "<group>"; };
		6CD3895318F54C6200A9C087 /* VKUploadPhotoBase.m */ = {isa = PBXFileReference; fileEncoding = 4; lastKnownFileType = sourcecode.c.objc; path = VKUploadPhotoBase.m; sourceTree = "<group>"; };
		6CD3895418F54C6200A9C087 /* VKUploadPhotoRequest.h */ = {isa = PBXFileReference; fileEncoding = 4; lastKnownFileType = sourcecode.c.h; path = VKUploadPhotoRequest.h; sourceTree = "<group>"; };
		6CD3895518F54C6200A9C087 /* VKUploadPhotoRequest.m */ = {isa = PBXFileReference; fileEncoding = 4; lastKnownFileType = sourcecode.c.objc; path = VKUploadPhotoRequest.m; sourceTree = "<group>"; };
		6CD3895618F54C6200A9C087 /* VKUploadWallPhotoRequest.h */ = {isa = PBXFileReference; fileEncoding = 4; lastKnownFileType = sourcecode.c.h; path = VKUploadWallPhotoRequest.h; sourceTree = "<group>"; };
		6CD3895718F54C6200A9C087 /* VKUploadWallPhotoRequest.m */ = {isa = PBXFileReference; fileEncoding = 4; lastKnownFileType = sourcecode.c.objc; path = VKUploadWallPhotoRequest.m; sourceTree = "<group>"; };
		6CD3895818F54C6200A9C087 /* VKUtil.h */ = {isa = PBXFileReference; fileEncoding = 4; lastKnownFileType = sourcecode.c.h; path = VKUtil.h; sourceTree = "<group>"; };
		6CD3895918F54C6200A9C087 /* VKUtil.m */ = {isa = PBXFileReference; fileEncoding = 4; lastKnownFileType = sourcecode.c.objc; path = VKUtil.m; sourceTree = "<group>"; };
		6CD3898618F54C9700A9C087 /* Socializer.h */ = {isa = PBXFileReference; fileEncoding = 4; lastKnownFileType = sourcecode.c.h; name = Socializer.h; path = Socializer/Socializer.h; sourceTree = "<group>"; };
		6CD3898718F54C9700A9C087 /* Socializer.m */ = {isa = PBXFileReference; fileEncoding = 4; lastKnownFileType = sourcecode.c.objc; name = Socializer.m; path = Socializer/Socializer.m; sourceTree = "<group>"; };
		6CD3898B18F5549000A9C087 /* VKSdkResources.bundle */ = {isa = PBXFileReference; lastKnownFileType = "wrapper.plug-in"; path = VKSdkResources.bundle; sourceTree = "<group>"; };
		6CD3899018F5645B00A9C087 /* AddressBook.framework */ = {isa = PBXFileReference; lastKnownFileType = wrapper.framework; name = AddressBook.framework; path = System/Library/Frameworks/AddressBook.framework; sourceTree = SDKROOT; };
		6CD3899218F5646100A9C087 /* AssetsLibrary.framework */ = {isa = PBXFileReference; lastKnownFileType = wrapper.framework; name = AssetsLibrary.framework; path = System/Library/Frameworks/AssetsLibrary.framework; sourceTree = SDKROOT; };
		6CD3899418F5646A00A9C087 /* CoreLocation.framework */ = {isa = PBXFileReference; lastKnownFileType = wrapper.framework; name = CoreLocation.framework; path = System/Library/Frameworks/CoreLocation.framework; sourceTree = SDKROOT; };
		6CD3899618F5647000A9C087 /* CoreMotion.framework */ = {isa = PBXFileReference; lastKnownFileType = wrapper.framework; name = CoreMotion.framework; path = System/Library/Frameworks/CoreMotion.framework; sourceTree = SDKROOT; };
		6CD3899818F5647D00A9C087 /* CoreText.framework */ = {isa = PBXFileReference; lastKnownFileType = wrapper.framework; name = CoreText.framework; path = System/Library/Frameworks/CoreText.framework; sourceTree = SDKROOT; };
		6CD3899A18F5648400A9C087 /* MediaPlayer.framework */ = {isa = PBXFileReference; lastKnownFileType = wrapper.framework; name = MediaPlayer.framework; path = System/Library/Frameworks/MediaPlayer.framework; sourceTree = SDKROOT; };
		6CD3899C18F5648B00A9C087 /* Security.framework */ = {isa = PBXFileReference; lastKnownFileType = wrapper.framework; name = Security.framework; path = System/Library/Frameworks/Security.framework; sourceTree = SDKROOT; };
		6CD3899E18F5649200A9C087 /* SystemConfiguration.framework */ = {isa = PBXFileReference; lastKnownFileType = wrapper.framework; name = SystemConfiguration.framework; path = System/Library/Frameworks/SystemConfiguration.framework; sourceTree = SDKROOT; };
/* End PBXFileReference section */

/* Begin PBXFrameworksBuildPhase section */
		6CD388C418F54BA200A9C087 /* Frameworks */ = {
			isa = PBXFrameworksBuildPhase;
			buildActionMask = 2147483647;
			files = (
				6CD3899F18F5649200A9C087 /* SystemConfiguration.framework in Frameworks */,
				6CD3899D18F5648B00A9C087 /* Security.framework in Frameworks */,
				6CD3899B18F5648400A9C087 /* MediaPlayer.framework in Frameworks */,
				6CD3899918F5647D00A9C087 /* CoreText.framework in Frameworks */,
				6CD388CD18F54BA200A9C087 /* CoreGraphics.framework in Frameworks */,
				6CD3899718F5647000A9C087 /* CoreMotion.framework in Frameworks */,
				6CD3899518F5646A00A9C087 /* CoreLocation.framework in Frameworks */,
				6CD3899318F5646100A9C087 /* AssetsLibrary.framework in Frameworks */,
				6CD3899118F5645B00A9C087 /* AddressBook.framework in Frameworks */,
				6CD3895C18F54C6200A9C087 /* GooglePlus.framework in Frameworks */,
				6CD3898F18F5627600A9C087 /* GoogleOpenSource.framework in Frameworks */,
				6CD3895A18F54C6200A9C087 /* FacebookSDK.framework in Frameworks */,
				6CD388CF18F54BA200A9C087 /* UIKit.framework in Frameworks */,
				6CD388CB18F54BA200A9C087 /* Foundation.framework in Frameworks */,
			);
			runOnlyForDeploymentPostprocessing = 0;
		};
		6CD388E518F54BA200A9C087 /* Frameworks */ = {
			isa = PBXFrameworksBuildPhase;
			buildActionMask = 2147483647;
			files = (
				6CD388EA18F54BA200A9C087 /* XCTest.framework in Frameworks */,
				6CD388EC18F54BA300A9C087 /* UIKit.framework in Frameworks */,
				6CD388EB18F54BA300A9C087 /* Foundation.framework in Frameworks */,
			);
			runOnlyForDeploymentPostprocessing = 0;
		};
/* End PBXFrameworksBuildPhase section */

/* Begin PBXGroup section */
		6CD388BE18F54BA200A9C087 = {
			isa = PBXGroup;
			children = (
				6CD388D018F54BA200A9C087 /* Socializer */,
				6CD388EF18F54BA300A9C087 /* SocializerTests */,
				6CD388C918F54BA200A9C087 /* Frameworks */,
				6CD388C818F54BA200A9C087 /* Products */,
			);
			sourceTree = "<group>";
		};
		6CD388C818F54BA200A9C087 /* Products */ = {
			isa = PBXGroup;
			children = (
				6CD388C718F54BA200A9C087 /* Socializer.app */,
				6CD388E818F54BA200A9C087 /* SocializerTests.xctest */,
			);
			name = Products;
			sourceTree = "<group>";
		};
		6CD388C918F54BA200A9C087 /* Frameworks */ = {
			isa = PBXGroup;
			children = (
				6CD3899E18F5649200A9C087 /* SystemConfiguration.framework */,
				6CD3899C18F5648B00A9C087 /* Security.framework */,
				6CD3899A18F5648400A9C087 /* MediaPlayer.framework */,
				6CD3899818F5647D00A9C087 /* CoreText.framework */,
				6CD3899618F5647000A9C087 /* CoreMotion.framework */,
				6CD3899418F5646A00A9C087 /* CoreLocation.framework */,
				6CD3899218F5646100A9C087 /* AssetsLibrary.framework */,
				6CD3899018F5645B00A9C087 /* AddressBook.framework */,
				6CD388FF18F54C6200A9C087 /* Frameworks */,
				6CD388CA18F54BA200A9C087 /* Foundation.framework */,
				6CD388CC18F54BA200A9C087 /* CoreGraphics.framework */,
				6CD388CE18F54BA200A9C087 /* UIKit.framework */,
				6CD388E918F54BA200A9C087 /* XCTest.framework */,
			);
			name = Frameworks;
			sourceTree = "<group>";
		};
		6CD388D018F54BA200A9C087 /* Socializer */ = {
			isa = PBXGroup;
			children = (
				6CD388D918F54BA200A9C087 /* AppDelegate.h */,
				6CD388DA18F54BA200A9C087 /* AppDelegate.m */,
				6CD3898618F54C9700A9C087 /* Socializer.h */,
				6CD3898718F54C9700A9C087 /* Socializer.m */,
				6CD388DF18F54BA200A9C087 /* ViewController.h */,
				6CD388E018F54BA200A9C087 /* ViewController.m */,
				6CD388DC18F54BA200A9C087 /* Main.storyboard */,
				6CD388E218F54BA200A9C087 /* Images.xcassets */,
				6CD388D118F54BA200A9C087 /* Supporting Files */,
			);
			path = Socializer;
			sourceTree = "<group>";
		};
		6CD388D118F54BA200A9C087 /* Supporting Files */ = {
			isa = PBXGroup;
			children = (
				6CD388D218F54BA200A9C087 /* Socializer-Info.plist */,
				6CD388D318F54BA200A9C087 /* InfoPlist.strings */,
				6CD388D618F54BA200A9C087 /* main.m */,
				6CD388D818F54BA200A9C087 /* Socializer-Prefix.pch */,
			);
			name = "Supporting Files";
			sourceTree = "<group>";
		};
		6CD388EF18F54BA300A9C087 /* SocializerTests */ = {
			isa = PBXGroup;
			children = (
				6CD388F518F54BA300A9C087 /* SocializerTests.m */,
				6CD388F018F54BA300A9C087 /* Supporting Files */,
			);
			path = SocializerTests;
			sourceTree = "<group>";
		};
		6CD388F018F54BA300A9C087 /* Supporting Files */ = {
			isa = PBXGroup;
			children = (
				6CD388F118F54BA300A9C087 /* SocializerTests-Info.plist */,
				6CD388F218F54BA300A9C087 /* InfoPlist.strings */,
			);
			name = "Supporting Files";
			sourceTree = "<group>";
		};
		6CD388FF18F54C6200A9C087 /* Frameworks */ = {
			isa = PBXGroup;
			children = (
				6CD3890018F54C6200A9C087 /* FacebookSDK.framework */,
				6CD3890118F54C6200A9C087 /* GoogleOpenSource.framework */,
				6CD3890218F54C6200A9C087 /* GooglePlus.framework */,
				6CD3890318F54C6200A9C087 /* VKSdk */,
			);
			name = Frameworks;
			path = Socializer/Frameworks;
			sourceTree = "<group>";
		};
		6CD3890318F54C6200A9C087 /* VKSdk */ = {
			isa = PBXGroup;
			children = (
				6CD3898B18F5549000A9C087 /* VKSdkResources.bundle */,
				6CD3890418F54C6200A9C087 /* models */,
				6CD3891918F54C6200A9C087 /* NSData+MD5.h */,
				6CD3891A18F54C6200A9C087 /* NSData+MD5.m */,
				6CD3891B18F54C6200A9C087 /* NSError+VKError.h */,
				6CD3891C18F54C6200A9C087 /* NSError+VKError.m */,
				6CD3891D18F54C6200A9C087 /* NSString+MD5.h */,
				6CD3891E18F54C6200A9C087 /* NSString+MD5.m */,
				6CD3891F18F54C6200A9C087 /* OrderedDictionary.h */,
				6CD3892018F54C6200A9C087 /* OrderedDictionary.m */,
				6CD3892118F54C6200A9C087 /* VKAccessToken.h */,
				6CD3892218F54C6200A9C087 /* VKAccessToken.m */,
				6CD3892318F54C6200A9C087 /* VKApi.h */,
				6CD3892418F54C6200A9C087 /* VKApi.m */,
				6CD3892518F54C6200A9C087 /* VKApiBase.h */,
				6CD3892618F54C6200A9C087 /* VKApiBase.m */,
				6CD3892718F54C6200A9C087 /* VKApiCaptcha.h */,
				6CD3892818F54C6200A9C087 /* VKApiCaptcha.m */,
				6CD3892918F54C6200A9C087 /* VKApiConst.h */,
				6CD3892A18F54C6200A9C087 /* VKApiFriends.h */,
				6CD3892B18F54C6200A9C087 /* VKApiFriends.m */,
				6CD3892C18F54C6200A9C087 /* VKApiModels.h */,
				6CD3892D18F54C6200A9C087 /* VKApiPhotos.h */,
				6CD3892E18F54C6200A9C087 /* VKApiPhotos.m */,
				6CD3892F18F54C6200A9C087 /* VKApiUsers.h */,
				6CD3893018F54C6200A9C087 /* VKApiUsers.m */,
				6CD3893118F54C6200A9C087 /* VKApiWall.h */,
				6CD3893218F54C6200A9C087 /* VKApiWall.m */,
				6CD3893318F54C6200A9C087 /* VKAuthorizeController.h */,
				6CD3893418F54C6200A9C087 /* VKAuthorizeController.m */,
				6CD3893518F54C6200A9C087 /* VKBatchRequest.h */,
				6CD3893618F54C6200A9C087 /* VKBatchRequest.m */,
				6CD3893718F54C6200A9C087 /* VKBundle.h */,
				6CD3893818F54C6200A9C087 /* VKBundle.m */,
				6CD3893918F54C6200A9C087 /* VKCaptchaView.h */,
				6CD3893A18F54C6200A9C087 /* VKCaptchaView.m */,
				6CD3893B18F54C6200A9C087 /* VKCaptchaViewController.h */,
				6CD3893C18F54C6200A9C087 /* VKCaptchaViewController.m */,
				6CD3893D18F54C6200A9C087 /* VKError.h */,
				6CD3893E18F54C6200A9C087 /* VKError.m */,
				6CD3893F18F54C6200A9C087 /* VKHTTPClient.h */,
				6CD3894018F54C6200A9C087 /* VKHTTPClient.m */,
				6CD3894118F54C6200A9C087 /* VKHTTPOperation.h */,
				6CD3894218F54C6200A9C087 /* VKHTTPOperation.m */,
				6CD3894318F54C6200A9C087 /* VKImageParameters.h */,
				6CD3894418F54C6200A9C087 /* VKImageParameters.m */,
				6CD3894518F54C6200A9C087 /* VKObject.h */,
				6CD3894618F54C6200A9C087 /* VKObject.m */,
				6CD3894718F54C6200A9C087 /* VKOperation.h */,
				6CD3894818F54C6200A9C087 /* VKOperation.m */,
				6CD3894918F54C6200A9C087 /* VKPermissions.h */,
				6CD3894A18F54C6200A9C087 /* VKPermissions.m */,
				6CD3894B18F54C6200A9C087 /* VKRequest.h */,
				6CD3894C18F54C6200A9C087 /* VKRequest.m */,
				6CD3894D18F54C6200A9C087 /* VKResponse.h */,
				6CD3894E18F54C6200A9C087 /* VKResponse.m */,
				6CD3894F18F54C6200A9C087 /* VKSdk.h */,
				6CD3895018F54C6200A9C087 /* VKSdk.m */,
				6CD3895118F54C6200A9C087 /* VKSdkVersion.h */,
				6CD3895218F54C6200A9C087 /* VKUploadPhotoBase.h */,
				6CD3895318F54C6200A9C087 /* VKUploadPhotoBase.m */,
				6CD3895418F54C6200A9C087 /* VKUploadPhotoRequest.h */,
				6CD3895518F54C6200A9C087 /* VKUploadPhotoRequest.m */,
				6CD3895618F54C6200A9C087 /* VKUploadWallPhotoRequest.h */,
				6CD3895718F54C6200A9C087 /* VKUploadWallPhotoRequest.m */,
				6CD3895818F54C6200A9C087 /* VKUtil.h */,
				6CD3895918F54C6200A9C087 /* VKUtil.m */,
			);
			path = VKSdk;
			sourceTree = "<group>";
		};
		6CD3890418F54C6200A9C087 /* models */ = {
			isa = PBXGroup;
			children = (
				6CD3890518F54C6200A9C087 /* VKApiObject.h */,
				6CD3890618F54C6200A9C087 /* VKApiObject.m */,
				6CD3890718F54C6200A9C087 /* VKApiObjectArray.h */,
				6CD3890818F54C6200A9C087 /* VKApiObjectArray.m */,
				6CD3890918F54C6200A9C087 /* VKAudio.h */,
				6CD3890A18F54C6200A9C087 /* VKAudio.m */,
				6CD3890B18F54C6200A9C087 /* VKCounters.h */,
				6CD3890C18F54C6200A9C087 /* VKCounters.m */,
				6CD3890D18F54C6200A9C087 /* VKLikes.h */,
				6CD3890E18F54C6200A9C087 /* VKLikes.m */,
				6CD3890F18F54C6200A9C087 /* VKPhoto.h */,
				6CD3891018F54C6200A9C087 /* VKPhoto.m */,
				6CD3891118F54C6200A9C087 /* VKRelative.h */,
				6CD3891218F54C6200A9C087 /* VKRelative.m */,
				6CD3891318F54C6200A9C087 /* VKSchool.h */,
				6CD3891418F54C6200A9C087 /* VKSchool.m */,
				6CD3891518F54C6200A9C087 /* VKUniversity.h */,
				6CD3891618F54C6200A9C087 /* VKUniversity.m */,
				6CD3891718F54C6200A9C087 /* VKUser.h */,
				6CD3891818F54C6200A9C087 /* VKUser.m */,
			);
			path = models;
			sourceTree = "<group>";
		};
/* End PBXGroup section */

/* Begin PBXNativeTarget section */
		6CD388C618F54BA200A9C087 /* Socializer */ = {
			isa = PBXNativeTarget;
			buildConfigurationList = 6CD388F918F54BA300A9C087 /* Build configuration list for PBXNativeTarget "Socializer" */;
			buildPhases = (
				6CD388C318F54BA200A9C087 /* Sources */,
				6CD388C418F54BA200A9C087 /* Frameworks */,
				6CD388C518F54BA200A9C087 /* Resources */,
			);
			buildRules = (
			);
			dependencies = (
			);
			name = Socializer;
			productName = Socializer;
			productReference = 6CD388C718F54BA200A9C087 /* Socializer.app */;
			productType = "com.apple.product-type.application";
		};
		6CD388E718F54BA200A9C087 /* SocializerTests */ = {
			isa = PBXNativeTarget;
			buildConfigurationList = 6CD388FC18F54BA300A9C087 /* Build configuration list for PBXNativeTarget "SocializerTests" */;
			buildPhases = (
				6CD388E418F54BA200A9C087 /* Sources */,
				6CD388E518F54BA200A9C087 /* Frameworks */,
				6CD388E618F54BA200A9C087 /* Resources */,
			);
			buildRules = (
			);
			dependencies = (
				6CD388EE18F54BA300A9C087 /* PBXTargetDependency */,
			);
			name = SocializerTests;
			productName = SocializerTests;
			productReference = 6CD388E818F54BA200A9C087 /* SocializerTests.xctest */;
			productType = "com.apple.product-type.bundle.unit-test";
		};
/* End PBXNativeTarget section */

/* Begin PBXProject section */
		6CD388BF18F54BA200A9C087 /* Project object */ = {
			isa = PBXProject;
			attributes = {
				LastUpgradeCheck = 0500;
				ORGANIZATIONNAME = "Alexey Ivanov";
				TargetAttributes = {
					6CD388E718F54BA200A9C087 = {
						TestTargetID = 6CD388C618F54BA200A9C087;
					};
				};
			};
			buildConfigurationList = 6CD388C218F54BA200A9C087 /* Build configuration list for PBXProject "Socializer" */;
			compatibilityVersion = "Xcode 3.2";
			developmentRegion = English;
			hasScannedForEncodings = 0;
			knownRegions = (
				en,
				Base,
			);
			mainGroup = 6CD388BE18F54BA200A9C087;
			productRefGroup = 6CD388C818F54BA200A9C087 /* Products */;
			projectDirPath = "";
			projectRoot = "";
			targets = (
				6CD388C618F54BA200A9C087 /* Socializer */,
				6CD388E718F54BA200A9C087 /* SocializerTests */,
			);
		};
/* End PBXProject section */

/* Begin PBXResourcesBuildPhase section */
		6CD388C518F54BA200A9C087 /* Resources */ = {
			isa = PBXResourcesBuildPhase;
			buildActionMask = 2147483647;
			files = (
				6CD388E318F54BA200A9C087 /* Images.xcassets in Resources */,
				6CD388D518F54BA200A9C087 /* InfoPlist.strings in Resources */,
				6CD388DE18F54BA200A9C087 /* Main.storyboard in Resources */,
				6CD3898C18F5549000A9C087 /* VKSdkResources.bundle in Resources */,
			);
			runOnlyForDeploymentPostprocessing = 0;
		};
		6CD388E618F54BA200A9C087 /* Resources */ = {
			isa = PBXResourcesBuildPhase;
			buildActionMask = 2147483647;
			files = (
				6CD388F418F54BA300A9C087 /* InfoPlist.strings in Resources */,
			);
			runOnlyForDeploymentPostprocessing = 0;
		};
/* End PBXResourcesBuildPhase section */

/* Begin PBXSourcesBuildPhase section */
		6CD388C318F54BA200A9C087 /* Sources */ = {
			isa = PBXSourcesBuildPhase;
			buildActionMask = 2147483647;
			files = (
				6CD3897E18F54C6200A9C087 /* VKPermissions.m in Sources */,
				6CD3898818F54C9700A9C087 /* Socializer.m in Sources */,
				6CD3896D18F54C6200A9C087 /* VKApiBase.m in Sources */,
				6CD3897218F54C6200A9C087 /* VKApiWall.m in Sources */,
				6CD3897B18F54C6200A9C087 /* VKImageParameters.m in Sources */,
				6CD3896518F54C6200A9C087 /* VKUniversity.m in Sources */,
				6CD3897418F54C6200A9C087 /* VKBatchRequest.m in Sources */,
				6CD3896718F54C6200A9C087 /* NSData+MD5.m in Sources */,
				6CD3896C18F54C6200A9C087 /* VKApi.m in Sources */,
				6CD3896A18F54C6200A9C087 /* OrderedDictionary.m in Sources */,
				6CD3896918F54C6200A9C087 /* NSString+MD5.m in Sources */,
				6CD3897518F54C6200A9C087 /* VKBundle.m in Sources */,
				6CD3897918F54C6200A9C087 /* VKHTTPClient.m in Sources */,
				6CD3896218F54C6200A9C087 /* VKPhoto.m in Sources */,
				6CD3897318F54C6200A9C087 /* VKAuthorizeController.m in Sources */,
				6CD3898318F54C6200A9C087 /* VKUploadPhotoRequest.m in Sources */,
				6CD3897F18F54C6200A9C087 /* VKRequest.m in Sources */,
				6CD3898018F54C6200A9C087 /* VKResponse.m in Sources */,
				6CD3897A18F54C6200A9C087 /* VKHTTPOperation.m in Sources */,
				6CD3897018F54C6200A9C087 /* VKApiPhotos.m in Sources */,
				6CD3895E18F54C6200A9C087 /* VKApiObjectArray.m in Sources */,
				6CD3896618F54C6200A9C087 /* VKUser.m in Sources */,
				6CD3896018F54C6200A9C087 /* VKCounters.m in Sources */,
				6CD3897D18F54C6200A9C087 /* VKOperation.m in Sources */,
				6CD388E118F54BA200A9C087 /* ViewController.m in Sources */,
				6CD3897718F54C6200A9C087 /* VKCaptchaViewController.m in Sources */,
				6CD3897818F54C6200A9C087 /* VKError.m in Sources */,
				6CD3898518F54C6200A9C087 /* VKUtil.m in Sources */,
				6CD3897118F54C6200A9C087 /* VKApiUsers.m in Sources */,
				6CD3896E18F54C6200A9C087 /* VKApiCaptcha.m in Sources */,
				6CD388DB18F54BA200A9C087 /* AppDelegate.m in Sources */,
				6CD3897C18F54C6200A9C087 /* VKObject.m in Sources */,
				6CD3898118F54C6200A9C087 /* VKSdk.m in Sources */,
				6CD3897618F54C6200A9C087 /* VKCaptchaView.m in Sources */,
				6CD3896418F54C6200A9C087 /* VKSchool.m in Sources */,
				6CD3895F18F54C6200A9C087 /* VKAudio.m in Sources */,
				6CD3896B18F54C6200A9C087 /* VKAccessToken.m in Sources */,
				6CD3896818F54C6200A9C087 /* NSError+VKError.m in Sources */,
				6CD3896118F54C6200A9C087 /* VKLikes.m in Sources */,
				6CD3898218F54C6200A9C087 /* VKUploadPhotoBase.m in Sources */,
				6CD3898418F54C6200A9C087 /* VKUploadWallPhotoRequest.m in Sources */,
				6CD3895D18F54C6200A9C087 /* VKApiObject.m in Sources */,
				6CD3896F18F54C6200A9C087 /* VKApiFriends.m in Sources */,
				6CD3896318F54C6200A9C087 /* VKRelative.m in Sources */,
				6CD388D718F54BA200A9C087 /* main.m in Sources */,
			);
			runOnlyForDeploymentPostprocessing = 0;
		};
		6CD388E418F54BA200A9C087 /* Sources */ = {
			isa = PBXSourcesBuildPhase;
			buildActionMask = 2147483647;
			files = (
				6CD388F618F54BA300A9C087 /* SocializerTests.m in Sources */,
			);
			runOnlyForDeploymentPostprocessing = 0;
		};
/* End PBXSourcesBuildPhase section */

/* Begin PBXTargetDependency section */
		6CD388EE18F54BA300A9C087 /* PBXTargetDependency */ = {
			isa = PBXTargetDependency;
			target = 6CD388C618F54BA200A9C087 /* Socializer */;
			targetProxy = 6CD388ED18F54BA300A9C087 /* PBXContainerItemProxy */;
		};
/* End PBXTargetDependency section */

/* Begin PBXVariantGroup section */
		6CD388D318F54BA200A9C087 /* InfoPlist.strings */ = {
			isa = PBXVariantGroup;
			children = (
				6CD388D418F54BA200A9C087 /* en */,
			);
			name = InfoPlist.strings;
			sourceTree = "<group>";
		};
		6CD388DC18F54BA200A9C087 /* Main.storyboard */ = {
			isa = PBXVariantGroup;
			children = (
				6CD388DD18F54BA200A9C087 /* Base */,
			);
			name = Main.storyboard;
			sourceTree = "<group>";
		};
		6CD388F218F54BA300A9C087 /* InfoPlist.strings */ = {
			isa = PBXVariantGroup;
			children = (
				6CD388F318F54BA300A9C087 /* en */,
			);
			name = InfoPlist.strings;
			sourceTree = "<group>";
		};
/* End PBXVariantGroup section */

/* Begin XCBuildConfiguration section */
		6CD388F718F54BA300A9C087 /* Debug */ = {
			isa = XCBuildConfiguration;
			buildSettings = {
				ALWAYS_SEARCH_USER_PATHS = NO;
				ARCHS = "$(ARCHS_STANDARD_INCLUDING_64_BIT)";
				CLANG_CXX_LANGUAGE_STANDARD = "gnu++0x";
				CLANG_CXX_LIBRARY = "libc++";
				CLANG_ENABLE_MODULES = YES;
				CLANG_ENABLE_OBJC_ARC = YES;
				CLANG_WARN_BOOL_CONVERSION = YES;
				CLANG_WARN_CONSTANT_CONVERSION = YES;
				CLANG_WARN_DIRECT_OBJC_ISA_USAGE = YES_ERROR;
				CLANG_WARN_EMPTY_BODY = YES;
				CLANG_WARN_ENUM_CONVERSION = YES;
				CLANG_WARN_INT_CONVERSION = YES;
				CLANG_WARN_OBJC_ROOT_CLASS = YES_ERROR;
				CLANG_WARN__DUPLICATE_METHOD_MATCH = YES;
				"CODE_SIGN_IDENTITY[sdk=iphoneos*]" = "iPhone Developer";
				COPY_PHASE_STRIP = NO;
				GCC_C_LANGUAGE_STANDARD = gnu99;
				GCC_DYNAMIC_NO_PIC = NO;
				GCC_OPTIMIZATION_LEVEL = 0;
				GCC_PREPROCESSOR_DEFINITIONS = (
					"DEBUG=1",
					"$(inherited)",
				);
				GCC_SYMBOLS_PRIVATE_EXTERN = NO;
				GCC_WARN_64_TO_32_BIT_CONVERSION = YES;
				GCC_WARN_ABOUT_RETURN_TYPE = YES_ERROR;
				GCC_WARN_UNDECLARED_SELECTOR = YES;
				GCC_WARN_UNINITIALIZED_AUTOS = YES;
				GCC_WARN_UNUSED_FUNCTION = YES;
				GCC_WARN_UNUSED_VARIABLE = YES;
				IPHONEOS_DEPLOYMENT_TARGET = 7.0;
				ONLY_ACTIVE_ARCH = YES;
				SDKROOT = iphoneos;
			};
			name = Debug;
		};
		6CD388F818F54BA300A9C087 /* Release */ = {
			isa = XCBuildConfiguration;
			buildSettings = {
				ALWAYS_SEARCH_USER_PATHS = NO;
				ARCHS = "$(ARCHS_STANDARD_INCLUDING_64_BIT)";
				CLANG_CXX_LANGUAGE_STANDARD = "gnu++0x";
				CLANG_CXX_LIBRARY = "libc++";
				CLANG_ENABLE_MODULES = YES;
				CLANG_ENABLE_OBJC_ARC = YES;
				CLANG_WARN_BOOL_CONVERSION = YES;
				CLANG_WARN_CONSTANT_CONVERSION = YES;
				CLANG_WARN_DIRECT_OBJC_ISA_USAGE = YES_ERROR;
				CLANG_WARN_EMPTY_BODY = YES;
				CLANG_WARN_ENUM_CONVERSION = YES;
				CLANG_WARN_INT_CONVERSION = YES;
				CLANG_WARN_OBJC_ROOT_CLASS = YES_ERROR;
				CLANG_WARN__DUPLICATE_METHOD_MATCH = YES;
				"CODE_SIGN_IDENTITY[sdk=iphoneos*]" = "iPhone Developer";
				COPY_PHASE_STRIP = YES;
				ENABLE_NS_ASSERTIONS = NO;
				GCC_C_LANGUAGE_STANDARD = gnu99;
				GCC_WARN_64_TO_32_BIT_CONVERSION = YES;
				GCC_WARN_ABOUT_RETURN_TYPE = YES_ERROR;
				GCC_WARN_UNDECLARED_SELECTOR = YES;
				GCC_WARN_UNINITIALIZED_AUTOS = YES;
				GCC_WARN_UNUSED_FUNCTION = YES;
				GCC_WARN_UNUSED_VARIABLE = YES;
				IPHONEOS_DEPLOYMENT_TARGET = 7.0;
				SDKROOT = iphoneos;
				VALIDATE_PRODUCT = YES;
			};
			name = Release;
		};
		6CD388FA18F54BA300A9C087 /* Debug */ = {
			isa = XCBuildConfiguration;
			buildSettings = {
				ASSETCATALOG_COMPILER_APPICON_NAME = AppIcon;
				ASSETCATALOG_COMPILER_LAUNCHIMAGE_NAME = LaunchImage;
				FRAMEWORK_SEARCH_PATHS = (
					"$(inherited)",
					"/Users/alekseyivanov/Documents/iphone\\ develop/Socializer/Socializer/Frameworks",
				);
				GCC_PRECOMPILE_PREFIX_HEADER = YES;
				GCC_PREFIX_HEADER = "Socializer/Socializer-Prefix.pch";
				INFOPLIST_FILE = "Socializer/Socializer-Info.plist";
				OTHER_LDFLAGS = "-ObjC";
				PRODUCT_NAME = "$(TARGET_NAME)";
				WRAPPER_EXTENSION = app;
			};
			name = Debug;
		};
		6CD388FB18F54BA300A9C087 /* Release */ = {
			isa = XCBuildConfiguration;
			buildSettings = {
				ASSETCATALOG_COMPILER_APPICON_NAME = AppIcon;
				ASSETCATALOG_COMPILER_LAUNCHIMAGE_NAME = LaunchImage;
				FRAMEWORK_SEARCH_PATHS = (
					"$(inherited)",
					"/Users/alekseyivanov/Documents/iphone\\ develop/Socializer/Socializer/Frameworks",
				);
				GCC_PRECOMPILE_PREFIX_HEADER = YES;
				GCC_PREFIX_HEADER = "Socializer/Socializer-Prefix.pch";
				INFOPLIST_FILE = "Socializer/Socializer-Info.plist";
				OTHER_LDFLAGS = "-ObjC";
				PRODUCT_NAME = "$(TARGET_NAME)";
				WRAPPER_EXTENSION = app;
			};
			name = Release;
		};
		6CD388FD18F54BA300A9C087 /* Debug */ = {
			isa = XCBuildConfiguration;
			buildSettings = {
				ARCHS = "$(ARCHS_STANDARD_INCLUDING_64_BIT)";
				BUNDLE_LOADER = "$(BUILT_PRODUCTS_DIR)/Socializer.app/Socializer";
				FRAMEWORK_SEARCH_PATHS = (
					"$(SDKROOT)/Developer/Library/Frameworks",
					"$(inherited)",
					"$(DEVELOPER_FRAMEWORKS_DIR)",
				);
				GCC_PRECOMPILE_PREFIX_HEADER = YES;
				GCC_PREFIX_HEADER = "Socializer/Socializer-Prefix.pch";
				GCC_PREPROCESSOR_DEFINITIONS = (
					"DEBUG=1",
					"$(inherited)",
				);
				INFOPLIST_FILE = "SocializerTests/SocializerTests-Info.plist";
				PRODUCT_NAME = "$(TARGET_NAME)";
				TEST_HOST = "$(BUNDLE_LOADER)";
				WRAPPER_EXTENSION = xctest;
			};
			name = Debug;
		};
		6CD388FE18F54BA300A9C087 /* Release */ = {
			isa = XCBuildConfiguration;
			buildSettings = {
				ARCHS = "$(ARCHS_STANDARD_INCLUDING_64_BIT)";
				BUNDLE_LOADER = "$(BUILT_PRODUCTS_DIR)/Socializer.app/Socializer";
				FRAMEWORK_SEARCH_PATHS = (
					"$(SDKROOT)/Developer/Library/Frameworks",
					"$(inherited)",
					"$(DEVELOPER_FRAMEWORKS_DIR)",
				);
				GCC_PRECOMPILE_PREFIX_HEADER = YES;
				GCC_PREFIX_HEADER = "Socializer/Socializer-Prefix.pch";
				INFOPLIST_FILE = "SocializerTests/SocializerTests-Info.plist";
				PRODUCT_NAME = "$(TARGET_NAME)";
				TEST_HOST = "$(BUNDLE_LOADER)";
				WRAPPER_EXTENSION = xctest;
			};
			name = Release;
		};
/* End XCBuildConfiguration section */

/* Begin XCConfigurationList section */
		6CD388C218F54BA200A9C087 /* Build configuration list for PBXProject "Socializer" */ = {
			isa = XCConfigurationList;
			buildConfigurations = (
				6CD388F718F54BA300A9C087 /* Debug */,
				6CD388F818F54BA300A9C087 /* Release */,
			);
			defaultConfigurationIsVisible = 0;
			defaultConfigurationName = Release;
		};
		6CD388F918F54BA300A9C087 /* Build configuration list for PBXNativeTarget "Socializer" */ = {
			isa = XCConfigurationList;
			buildConfigurations = (
				6CD388FA18F54BA300A9C087 /* Debug */,
				6CD388FB18F54BA300A9C087 /* Release */,
			);
			defaultConfigurationIsVisible = 0;
		};
		6CD388FC18F54BA300A9C087 /* Build configuration list for PBXNativeTarget "SocializerTests" */ = {
			isa = XCConfigurationList;
			buildConfigurations = (
				6CD388FD18F54BA300A9C087 /* Debug */,
				6CD388FE18F54BA300A9C087 /* Release */,
			);
			defaultConfigurationIsVisible = 0;
		};
/* End XCConfigurationList section */
	};
	rootObject = 6CD388BF18F54BA200A9C087 /* Project object */;
}
