// !$*UTF8*$!
{
	archiveVersion = 1;
	classes = {
	};
	objectVersion = 46;
	objects = {

/* Begin PBXBuildFile section */
		6CD388CB18F54BA200A9C087 /* Foundation.framework in Frameworks */ = {isa = PBXBuildFile; fileRef = 6CD388CA18F54BA200A9C087 /* Foundation.framework */; };
		6CD388CD18F54BA200A9C087 /* CoreGraphics.framework in Frameworks */ = {isa = PBXBuildFile; fileRef = 6CD388CC18F54BA200A9C087 /* CoreGraphics.framework */; };
		6CD388CF18F54BA200A9C087 /* UIKit.framework in Frameworks */ = {isa = PBXBuildFile; fileRef = 6CD388CE18F54BA200A9C087 /* UIKit.framework */; };
		6CD388D518F54BA200A9C087 /* InfoPlist.strings in Resources */ = {isa = PBXBuildFile; fileRef = 6CD388D318F54BA200A9C087 /* InfoPlist.strings */; };
		6CD388D718F54BA200A9C087 /* main.m in Sources */ = {isa = PBXBuildFile; fileRef = 6CD388D618F54BA200A9C087 /* main.m */; };
		6CD388DB18F54BA200A9C087 /* AppDelegate.m in Sources */ = {isa = PBXBuildFile; fileRef = 6CD388DA18F54BA200A9C087 /* AppDelegate.m */; };
		6CD388DE18F54BA200A9C087 /* Main.storyboard in Resources */ = {isa = PBXBuildFile; fileRef = 6CD388DC18F54BA200A9C087 /* Main.storyboard */; };
		6CD388E118F54BA200A9C087 /* ViewController.m in Sources */ = {isa = PBXBuildFile; fileRef = 6CD388E018F54BA200A9C087 /* ViewController.m */; };
		6CD388E318F54BA200A9C087 /* Images.xcassets in Resources */ = {isa = PBXBuildFile; fileRef = 6CD388E218F54BA200A9C087 /* Images.xcassets */; };
		6CD388EA18F54BA200A9C087 /* XCTest.framework in Frameworks */ = {isa = PBXBuildFile; fileRef = 6CD388E918F54BA200A9C087 /* XCTest.framework */; };
		6CD388EB18F54BA300A9C087 /* Foundation.framework in Frameworks */ = {isa = PBXBuildFile; fileRef = 6CD388CA18F54BA200A9C087 /* Foundation.framework */; };
		6CD388EC18F54BA300A9C087 /* UIKit.framework in Frameworks */ = {isa = PBXBuildFile; fileRef = 6CD388CE18F54BA200A9C087 /* UIKit.framework */; };
		6CD388F418F54BA300A9C087 /* InfoPlist.strings in Resources */ = {isa = PBXBuildFile; fileRef = 6CD388F218F54BA300A9C087 /* InfoPlist.strings */; };
		6CD388F618F54BA300A9C087 /* SocializerTests.m in Sources */ = {isa = PBXBuildFile; fileRef = 6CD388F518F54BA300A9C087 /* SocializerTests.m */; };
/* End PBXBuildFile section */

/* Begin PBXContainerItemProxy section */
		6CD388ED18F54BA300A9C087 /* PBXContainerItemProxy */ = {
			isa = PBXContainerItemProxy;
			containerPortal = 6CD388BF18F54BA200A9C087 /* Project object */;
			proxyType = 1;
			remoteGlobalIDString = 6CD388C618F54BA200A9C087;
			remoteInfo = Socializer;
		};
/* End PBXContainerItemProxy section */

/* Begin PBXFileReference section */
		6CD388C718F54BA200A9C087 /* Socializer.app */ = {isa = PBXFileReference; explicitFileType = wrapper.application; includeInIndex = 0; path = Socializer.app; sourceTree = BUILT_PRODUCTS_DIR; };
		6CD388CA18F54BA200A9C087 /* Foundation.framework */ = {isa = PBXFileReference; lastKnownFileType = wrapper.framework; name = Foundation.framework; path = System/Library/Frameworks/Foundation.framework; sourceTree = SDKROOT; };
		6CD388CC18F54BA200A9C087 /* CoreGraphics.framework */ = {isa = PBXFileReference; lastKnownFileType = wrapper.framework; name = CoreGraphics.framework; path = System/Library/Frameworks/CoreGraphics.framework; sourceTree = SDKROOT; };
		6CD388CE18F54BA200A9C087 /* UIKit.framework */ = {isa = PBXFileReference; lastKnownFileType = wrapper.framework; name = UIKit.framework; path = System/Library/Frameworks/UIKit.framework; sourceTree = SDKROOT; };
		6CD388D218F54BA200A9C087 /* Socializer-Info.plist */ = {isa = PBXFileReference; lastKnownFileType = text.plist.xml; path = "Socializer-Info.plist"; sourceTree = "<group>"; };
		6CD388D418F54BA200A9C087 /* en */ = {isa = PBXFileReference; lastKnownFileType = text.plist.strings; name = en; path = en.lproj/InfoPlist.strings; sourceTree = "<group>"; };
		6CD388D618F54BA200A9C087 /* main.m */ = {isa = PBXFileReference; lastKnownFileType = sourcecode.c.objc; path = main.m; sourceTree = "<group>"; };
		6CD388D818F54BA200A9C087 /* Socializer-Prefix.pch */ = {isa = PBXFileReference; lastKnownFileType = sourcecode.c.h; path = "Socializer-Prefix.pch"; sourceTree = "<group>"; };
		6CD388D918F54BA200A9C087 /* AppDelegate.h */ = {isa = PBXFileReference; lastKnownFileType = sourcecode.c.h; path = AppDelegate.h; sourceTree = "<group>"; };
		6CD388DA18F54BA200A9C087 /* AppDelegate.m */ = {isa = PBXFileReference; lastKnownFileType = sourcecode.c.objc; path = AppDelegate.m; sourceTree = "<group>"; };
		6CD388DD18F54BA200A9C087 /* Base */ = {isa = PBXFileReference; lastKnownFileType = file.storyboard; name = Base; path = Base.lproj/Main.storyboard; sourceTree = "<group>"; };
		6CD388DF18F54BA200A9C087 /* ViewController.h */ = {isa = PBXFileReference; lastKnownFileType = sourcecode.c.h; path = ViewController.h; sourceTree = "<group>"; };
		6CD388E018F54BA200A9C087 /* ViewController.m */ = {isa = PBXFileReference; lastKnownFileType = sourcecode.c.objc; path = ViewController.m; sourceTree = "<group>"; };
		6CD388E218F54BA200A9C087 /* Images.xcassets */ = {isa = PBXFileReference; lastKnownFileType = folder.assetcatalog; path = Images.xcassets; sourceTree = "<group>"; };
		6CD388E818F54BA200A9C087 /* SocializerTests.xctest */ = {isa = PBXFileReference; explicitFileType = wrapper.cfbundle; includeInIndex = 0; path = SocializerTests.xctest; sourceTree = BUILT_PRODUCTS_DIR; };
		6CD388E918F54BA200A9C087 /* XCTest.framework */ = {isa = PBXFileReference; lastKnownFileType = wrapper.framework; name = XCTest.framework; path = Library/Frameworks/XCTest.framework; sourceTree = DEVELOPER_DIR; };
		6CD388F118F54BA300A9C087 /* SocializerTests-Info.plist */ = {isa = PBXFileReference; lastKnownFileType = text.plist.xml; path = "SocializerTests-Info.plist"; sourceTree = "<group>"; };
		6CD388F318F54BA300A9C087 /* en */ = {isa = PBXFileReference; lastKnownFileType = text.plist.strings; name = en; path = en.lproj/InfoPlist.strings; sourceTree = "<group>"; };
		6CD388F518F54BA300A9C087 /* SocializerTests.m */ = {isa = PBXFileReference; lastKnownFileType = sourcecode.c.objc; path = SocializerTests.m; sourceTree = "<group>"; };
/* End PBXFileReference section */

/* Begin PBXFrameworksBuildPhase section */
		6CD388C418F54BA200A9C087 /* Frameworks */ = {
			isa = PBXFrameworksBuildPhase;
			buildActionMask = 2147483647;
			files = (
				6CD388CD18F54BA200A9C087 /* CoreGraphics.framework in Frameworks */,
				6CD388CF18F54BA200A9C087 /* UIKit.framework in Frameworks */,
				6CD388CB18F54BA200A9C087 /* Foundation.framework in Frameworks */,
			);
			runOnlyForDeploymentPostprocessing = 0;
		};
		6CD388E518F54BA200A9C087 /* Frameworks */ = {
			isa = PBXFrameworksBuildPhase;
			buildActionMask = 2147483647;
			files = (
				6CD388EA18F54BA200A9C087 /* XCTest.framework in Frameworks */,
				6CD388EC18F54BA300A9C087 /* UIKit.framework in Frameworks */,
				6CD388EB18F54BA300A9C087 /* Foundation.framework in Frameworks */,
			);
			runOnlyForDeploymentPostprocessing = 0;
		};
/* End PBXFrameworksBuildPhase section */

/* Begin PBXGroup section */
		6CD388BE18F54BA200A9C087 = {
			isa = PBXGroup;
			children = (
				6CD388D018F54BA200A9C087 /* Socializer */,
				6CD388EF18F54BA300A9C087 /* SocializerTests */,
				6CD388C918F54BA200A9C087 /* Frameworks */,
				6CD388C818F54BA200A9C087 /* Products */,
			);
			sourceTree = "<group>";
		};
		6CD388C818F54BA200A9C087 /* Products */ = {
			isa = PBXGroup;
			children = (
				6CD388C718F54BA200A9C087 /* Socializer.app */,
				6CD388E818F54BA200A9C087 /* SocializerTests.xctest */,
			);
			name = Products;
			sourceTree = "<group>";
		};
		6CD388C918F54BA200A9C087 /* Frameworks */ = {
			isa = PBXGroup;
			children = (
				6CD388CA18F54BA200A9C087 /* Foundation.framework */,
				6CD388CC18F54BA200A9C087 /* CoreGraphics.framework */,
				6CD388CE18F54BA200A9C087 /* UIKit.framework */,
				6CD388E918F54BA200A9C087 /* XCTest.framework */,
			);
			name = Frameworks;
			sourceTree = "<group>";
		};
		6CD388D018F54BA200A9C087 /* Socializer */ = {
			isa = PBXGroup;
			children = (
				6CD388D918F54BA200A9C087 /* AppDelegate.h */,
				6CD388DA18F54BA200A9C087 /* AppDelegate.m */,
				6CD388DC18F54BA200A9C087 /* Main.storyboard */,
				6CD388DF18F54BA200A9C087 /* ViewController.h */,
				6CD388E018F54BA200A9C087 /* ViewController.m */,
				6CD388E218F54BA200A9C087 /* Images.xcassets */,
				6CD388D118F54BA200A9C087 /* Supporting Files */,
			);
			path = Socializer;
			sourceTree = "<group>";
		};
		6CD388D118F54BA200A9C087 /* Supporting Files */ = {
			isa = PBXGroup;
			children = (
				6CD388D218F54BA200A9C087 /* Socializer-Info.plist */,
				6CD388D318F54BA200A9C087 /* InfoPlist.strings */,
				6CD388D618F54BA200A9C087 /* main.m */,
				6CD388D818F54BA200A9C087 /* Socializer-Prefix.pch */,
			);
			name = "Supporting Files";
			sourceTree = "<group>";
		};
		6CD388EF18F54BA300A9C087 /* SocializerTests */ = {
			isa = PBXGroup;
			children = (
				6CD388F518F54BA300A9C087 /* SocializerTests.m */,
				6CD388F018F54BA300A9C087 /* Supporting Files */,
			);
			path = SocializerTests;
			sourceTree = "<group>";
		};
		6CD388F018F54BA300A9C087 /* Supporting Files */ = {
			isa = PBXGroup;
			children = (
				6CD388F118F54BA300A9C087 /* SocializerTests-Info.plist */,
				6CD388F218F54BA300A9C087 /* InfoPlist.strings */,
			);
			name = "Supporting Files";
			sourceTree = "<group>";
		};
/* End PBXGroup section */

/* Begin PBXNativeTarget section */
		6CD388C618F54BA200A9C087 /* Socializer */ = {
			isa = PBXNativeTarget;
			buildConfigurationList = 6CD388F918F54BA300A9C087 /* Build configuration list for PBXNativeTarget "Socializer" */;
			buildPhases = (
				6CD388C318F54BA200A9C087 /* Sources */,
				6CD388C418F54BA200A9C087 /* Frameworks */,
				6CD388C518F54BA200A9C087 /* Resources */,
			);
			buildRules = (
			);
			dependencies = (
			);
			name = Socializer;
			productName = Socializer;
			productReference = 6CD388C718F54BA200A9C087 /* Socializer.app */;
			productType = "com.apple.product-type.application";
		};
		6CD388E718F54BA200A9C087 /* SocializerTests */ = {
			isa = PBXNativeTarget;
			buildConfigurationList = 6CD388FC18F54BA300A9C087 /* Build configuration list for PBXNativeTarget "SocializerTests" */;
			buildPhases = (
				6CD388E418F54BA200A9C087 /* Sources */,
				6CD388E518F54BA200A9C087 /* Frameworks */,
				6CD388E618F54BA200A9C087 /* Resources */,
			);
			buildRules = (
			);
			dependencies = (
				6CD388EE18F54BA300A9C087 /* PBXTargetDependency */,
			);
			name = SocializerTests;
			productName = SocializerTests;
			productReference = 6CD388E818F54BA200A9C087 /* SocializerTests.xctest */;
			productType = "com.apple.product-type.bundle.unit-test";
		};
/* End PBXNativeTarget section */

/* Begin PBXProject section */
		6CD388BF18F54BA200A9C087 /* Project object */ = {
			isa = PBXProject;
			attributes = {
				LastUpgradeCheck = 0500;
				ORGANIZATIONNAME = "Alexey Ivanov";
				TargetAttributes = {
					6CD388E718F54BA200A9C087 = {
						TestTargetID = 6CD388C618F54BA200A9C087;
					};
				};
			};
			buildConfigurationList = 6CD388C218F54BA200A9C087 /* Build configuration list for PBXProject "Socializer" */;
			compatibilityVersion = "Xcode 3.2";
			developmentRegion = English;
			hasScannedForEncodings = 0;
			knownRegions = (
				en,
				Base,
			);
			mainGroup = 6CD388BE18F54BA200A9C087;
			productRefGroup = 6CD388C818F54BA200A9C087 /* Products */;
			projectDirPath = "";
			projectRoot = "";
			targets = (
				6CD388C618F54BA200A9C087 /* Socializer */,
				6CD388E718F54BA200A9C087 /* SocializerTests */,
			);
		};
/* End PBXProject section */

/* Begin PBXResourcesBuildPhase section */
		6CD388C518F54BA200A9C087 /* Resources */ = {
			isa = PBXResourcesBuildPhase;
			buildActionMask = 2147483647;
			files = (
				6CD388E318F54BA200A9C087 /* Images.xcassets in Resources */,
				6CD388D518F54BA200A9C087 /* InfoPlist.strings in Resources */,
				6CD388DE18F54BA200A9C087 /* Main.storyboard in Resources */,
			);
			runOnlyForDeploymentPostprocessing = 0;
		};
		6CD388E618F54BA200A9C087 /* Resources */ = {
			isa = PBXResourcesBuildPhase;
			buildActionMask = 2147483647;
			files = (
				6CD388F418F54BA300A9C087 /* InfoPlist.strings in Resources */,
			);
			runOnlyForDeploymentPostprocessing = 0;
		};
/* End PBXResourcesBuildPhase section */

/* Begin PBXSourcesBuildPhase section */
		6CD388C318F54BA200A9C087 /* Sources */ = {
			isa = PBXSourcesBuildPhase;
			buildActionMask = 2147483647;
			files = (
				6CD388E118F54BA200A9C087 /* ViewController.m in Sources */,
				6CD388DB18F54BA200A9C087 /* AppDelegate.m in Sources */,
				6CD388D718F54BA200A9C087 /* main.m in Sources */,
			);
			runOnlyForDeploymentPostprocessing = 0;
		};
		6CD388E418F54BA200A9C087 /* Sources */ = {
			isa = PBXSourcesBuildPhase;
			buildActionMask = 2147483647;
			files = (
				6CD388F618F54BA300A9C087 /* SocializerTests.m in Sources */,
			);
			runOnlyForDeploymentPostprocessing = 0;
		};
/* End PBXSourcesBuildPhase section */

/* Begin PBXTargetDependency section */
		6CD388EE18F54BA300A9C087 /* PBXTargetDependency */ = {
			isa = PBXTargetDependency;
			target = 6CD388C618F54BA200A9C087 /* Socializer */;
			targetProxy = 6CD388ED18F54BA300A9C087 /* PBXContainerItemProxy */;
		};
/* End PBXTargetDependency section */

/* Begin PBXVariantGroup section */
		6CD388D318F54BA200A9C087 /* InfoPlist.strings */ = {
			isa = PBXVariantGroup;
			children = (
				6CD388D418F54BA200A9C087 /* en */,
			);
			name = InfoPlist.strings;
			sourceTree = "<group>";
		};
		6CD388DC18F54BA200A9C087 /* Main.storyboard */ = {
			isa = PBXVariantGroup;
			children = (
				6CD388DD18F54BA200A9C087 /* Base */,
			);
			name = Main.storyboard;
			sourceTree = "<group>";
		};
		6CD388F218F54BA300A9C087 /* InfoPlist.strings */ = {
			isa = PBXVariantGroup;
			children = (
				6CD388F318F54BA300A9C087 /* en */,
			);
			name = InfoPlist.strings;
			sourceTree = "<group>";
		};
/* End PBXVariantGroup section */

/* Begin XCBuildConfiguration section */
		6CD388F718F54BA300A9C087 /* Debug */ = {
			isa = XCBuildConfiguration;
			buildSettings = {
				ALWAYS_SEARCH_USER_PATHS = NO;
				ARCHS = "$(ARCHS_STANDARD_INCLUDING_64_BIT)";
				CLANG_CXX_LANGUAGE_STANDARD = "gnu++0x";
				CLANG_CXX_LIBRARY = "libc++";
				CLANG_ENABLE_MODULES = YES;
				CLANG_ENABLE_OBJC_ARC = YES;
				CLANG_WARN_BOOL_CONVERSION = YES;
				CLANG_WARN_CONSTANT_CONVERSION = YES;
				CLANG_WARN_DIRECT_OBJC_ISA_USAGE = YES_ERROR;
				CLANG_WARN_EMPTY_BODY = YES;
				CLANG_WARN_ENUM_CONVERSION = YES;
				CLANG_WARN_INT_CONVERSION = YES;
				CLANG_WARN_OBJC_ROOT_CLASS = YES_ERROR;
				CLANG_WARN__DUPLICATE_METHOD_MATCH = YES;
				"CODE_SIGN_IDENTITY[sdk=iphoneos*]" = "iPhone Developer";
				COPY_PHASE_STRIP = NO;
				GCC_C_LANGUAGE_STANDARD = gnu99;
				GCC_DYNAMIC_NO_PIC = NO;
				GCC_OPTIMIZATION_LEVEL = 0;
				GCC_PREPROCESSOR_DEFINITIONS = (
					"DEBUG=1",
					"$(inherited)",
				);
				GCC_SYMBOLS_PRIVATE_EXTERN = NO;
				GCC_WARN_64_TO_32_BIT_CONVERSION = YES;
				GCC_WARN_ABOUT_RETURN_TYPE = YES_ERROR;
				GCC_WARN_UNDECLARED_SELECTOR = YES;
				GCC_WARN_UNINITIALIZED_AUTOS = YES;
				GCC_WARN_UNUSED_FUNCTION = YES;
				GCC_WARN_UNUSED_VARIABLE = YES;
				IPHONEOS_DEPLOYMENT_TARGET = 7.0;
				ONLY_ACTIVE_ARCH = YES;
				SDKROOT = iphoneos;
			};
			name = Debug;
		};
		6CD388F818F54BA300A9C087 /* Release */ = {
			isa = XCBuildConfiguration;
			buildSettings = {
				ALWAYS_SEARCH_USER_PATHS = NO;
				ARCHS = "$(ARCHS_STANDARD_INCLUDING_64_BIT)";
				CLANG_CXX_LANGUAGE_STANDARD = "gnu++0x";
				CLANG_CXX_LIBRARY = "libc++";
				CLANG_ENABLE_MODULES = YES;
				CLANG_ENABLE_OBJC_ARC = YES;
				CLANG_WARN_BOOL_CONVERSION = YES;
				CLANG_WARN_CONSTANT_CONVERSION = YES;
				CLANG_WARN_DIRECT_OBJC_ISA_USAGE = YES_ERROR;
				CLANG_WARN_EMPTY_BODY = YES;
				CLANG_WARN_ENUM_CONVERSION = YES;
				CLANG_WARN_INT_CONVERSION = YES;
				CLANG_WARN_OBJC_ROOT_CLASS = YES_ERROR;
				CLANG_WARN__DUPLICATE_METHOD_MATCH = YES;
				"CODE_SIGN_IDENTITY[sdk=iphoneos*]" = "iPhone Developer";
				COPY_PHASE_STRIP = YES;
				ENABLE_NS_ASSERTIONS = NO;
				GCC_C_LANGUAGE_STANDARD = gnu99;
				GCC_WARN_64_TO_32_BIT_CONVERSION = YES;
				GCC_WARN_ABOUT_RETURN_TYPE = YES_ERROR;
				GCC_WARN_UNDECLARED_SELECTOR = YES;
				GCC_WARN_UNINITIALIZED_AUTOS = YES;
				GCC_WARN_UNUSED_FUNCTION = YES;
				GCC_WARN_UNUSED_VARIABLE = YES;
				IPHONEOS_DEPLOYMENT_TARGET = 7.0;
				SDKROOT = iphoneos;
				VALIDATE_PRODUCT = YES;
			};
			name = Release;
		};
		6CD388FA18F54BA300A9C087 /* Debug */ = {
			isa = XCBuildConfiguration;
			buildSettings = {
				ASSETCATALOG_COMPILER_APPICON_NAME = AppIcon;
				ASSETCATALOG_COMPILER_LAUNCHIMAGE_NAME = LaunchImage;
				GCC_PRECOMPILE_PREFIX_HEADER = YES;
				GCC_PREFIX_HEADER = "Socializer/Socializer-Prefix.pch";
				INFOPLIST_FILE = "Socializer/Socializer-Info.plist";
				PRODUCT_NAME = "$(TARGET_NAME)";
				WRAPPER_EXTENSION = app;
			};
			name = Debug;
		};
		6CD388FB18F54BA300A9C087 /* Release */ = {
			isa = XCBuildConfiguration;
			buildSettings = {
				ASSETCATALOG_COMPILER_APPICON_NAME = AppIcon;
				ASSETCATALOG_COMPILER_LAUNCHIMAGE_NAME = LaunchImage;
				GCC_PRECOMPILE_PREFIX_HEADER = YES;
				GCC_PREFIX_HEADER = "Socializer/Socializer-Prefix.pch";
				INFOPLIST_FILE = "Socializer/Socializer-Info.plist";
				PRODUCT_NAME = "$(TARGET_NAME)";
				WRAPPER_EXTENSION = app;
			};
			name = Release;
		};
		6CD388FD18F54BA300A9C087 /* Debug */ = {
			isa = XCBuildConfiguration;
			buildSettings = {
				ARCHS = "$(ARCHS_STANDARD_INCLUDING_64_BIT)";
				BUNDLE_LOADER = "$(BUILT_PRODUCTS_DIR)/Socializer.app/Socializer";
				FRAMEWORK_SEARCH_PATHS = (
					"$(SDKROOT)/Developer/Library/Frameworks",
					"$(inherited)",
					"$(DEVELOPER_FRAMEWORKS_DIR)",
				);
				GCC_PRECOMPILE_PREFIX_HEADER = YES;
				GCC_PREFIX_HEADER = "Socializer/Socializer-Prefix.pch";
				GCC_PREPROCESSOR_DEFINITIONS = (
					"DEBUG=1",
					"$(inherited)",
				);
				INFOPLIST_FILE = "SocializerTests/SocializerTests-Info.plist";
				PRODUCT_NAME = "$(TARGET_NAME)";
				TEST_HOST = "$(BUNDLE_LOADER)";
				WRAPPER_EXTENSION = xctest;
			};
			name = Debug;
		};
		6CD388FE18F54BA300A9C087 /* Release */ = {
			isa = XCBuildConfiguration;
			buildSettings = {
				ARCHS = "$(ARCHS_STANDARD_INCLUDING_64_BIT)";
				BUNDLE_LOADER = "$(BUILT_PRODUCTS_DIR)/Socializer.app/Socializer";
				FRAMEWORK_SEARCH_PATHS = (
					"$(SDKROOT)/Developer/Library/Frameworks",
					"$(inherited)",
					"$(DEVELOPER_FRAMEWORKS_DIR)",
				);
				GCC_PRECOMPILE_PREFIX_HEADER = YES;
				GCC_PREFIX_HEADER = "Socializer/Socializer-Prefix.pch";
				INFOPLIST_FILE = "SocializerTests/SocializerTests-Info.plist";
				PRODUCT_NAME = "$(TARGET_NAME)";
				TEST_HOST = "$(BUNDLE_LOADER)";
				WRAPPER_EXTENSION = xctest;
			};
			name = Release;
		};
/* End XCBuildConfiguration section */

/* Begin XCConfigurationList section */
		6CD388C218F54BA200A9C087 /* Build configuration list for PBXProject "Socializer" */ = {
			isa = XCConfigurationList;
			buildConfigurations = (
				6CD388F718F54BA300A9C087 /* Debug */,
				6CD388F818F54BA300A9C087 /* Release */,
			);
			defaultConfigurationIsVisible = 0;
			defaultConfigurationName = Release;
		};
		6CD388F918F54BA300A9C087 /* Build configuration list for PBXNativeTarget "Socializer" */ = {
			isa = XCConfigurationList;
			buildConfigurations = (
				6CD388FA18F54BA300A9C087 /* Debug */,
				6CD388FB18F54BA300A9C087 /* Release */,
			);
			defaultConfigurationIsVisible = 0;
		};
		6CD388FC18F54BA300A9C087 /* Build configuration list for PBXNativeTarget "SocializerTests" */ = {
			isa = XCConfigurationList;
			buildConfigurations = (
				6CD388FD18F54BA300A9C087 /* Debug */,
				6CD388FE18F54BA300A9C087 /* Release */,
			);
			defaultConfigurationIsVisible = 0;
		};
/* End XCConfigurationList section */
	};
	rootObject = 6CD388BF18F54BA200A9C087 /* Project object */;
}
